// !$*UTF8*$!
{
	archiveVersion = 1;
	classes = {
	};
	objectVersion = 56;
	objects = {

/* Begin PBXBuildFile section */
		33BAD25F29112A8600DF76BC /* AppDelegate.swift in Sources */ = {isa = PBXBuildFile; fileRef = 33BAD25E29112A8600DF76BC /* AppDelegate.swift */; };
		33BAD26129112A8600DF76BC /* SceneDelegate.swift in Sources */ = {isa = PBXBuildFile; fileRef = 33BAD26029112A8600DF76BC /* SceneDelegate.swift */; };
		33BAD26829112A8800DF76BC /* Assets.xcassets in Resources */ = {isa = PBXBuildFile; fileRef = 33BAD26729112A8800DF76BC /* Assets.xcassets */; };
		33BAD26B29112A8800DF76BC /* LaunchScreen.storyboard in Resources */ = {isa = PBXBuildFile; fileRef = 33BAD26929112A8800DF76BC /* LaunchScreen.storyboard */; };
		33BAD27429112AB700DF76BC /* Main.storyboard in Resources */ = {isa = PBXBuildFile; fileRef = 33BAD27229112AB600DF76BC /* Main.storyboard */; };
		33BAD27529112AB700DF76BC /* ViewController.swift in Sources */ = {isa = PBXBuildFile; fileRef = 33BAD27329112AB700DF76BC /* ViewController.swift */; };
/* End PBXBuildFile section */

/* Begin PBXFileReference section */
		33BAD25B29112A8600DF76BC /* PageAndScrollAndSegmentedControlDemo.app */ = {isa = PBXFileReference; explicitFileType = wrapper.application; includeInIndex = 0; path = PageAndScrollAndSegmentedControlDemo.app; sourceTree = BUILT_PRODUCTS_DIR; };
		33BAD25E29112A8600DF76BC /* AppDelegate.swift */ = {isa = PBXFileReference; lastKnownFileType = sourcecode.swift; path = AppDelegate.swift; sourceTree = "<group>"; };
		33BAD26029112A8600DF76BC /* SceneDelegate.swift */ = {isa = PBXFileReference; lastKnownFileType = sourcecode.swift; path = SceneDelegate.swift; sourceTree = "<group>"; };
		33BAD26729112A8800DF76BC /* Assets.xcassets */ = {isa = PBXFileReference; lastKnownFileType = folder.assetcatalog; path = Assets.xcassets; sourceTree = "<group>"; };
		33BAD26A29112A8800DF76BC /* Base */ = {isa = PBXFileReference; lastKnownFileType = file.storyboard; name = Base; path = Base.lproj/LaunchScreen.storyboard; sourceTree = "<group>"; };
		33BAD26C29112A8800DF76BC /* Info.plist */ = {isa = PBXFileReference; lastKnownFileType = text.plist.xml; path = Info.plist; sourceTree = "<group>"; };
		33BAD27229112AB600DF76BC /* Main.storyboard */ = {isa = PBXFileReference; fileEncoding = 4; lastKnownFileType = file.storyboard; path = Main.storyboard; sourceTree = "<group>"; };
		33BAD27329112AB700DF76BC /* ViewController.swift */ = {isa = PBXFileReference; fileEncoding = 4; lastKnownFileType = sourcecode.swift; path = ViewController.swift; sourceTree = "<group>"; };
/* End PBXFileReference section */

/* Begin PBXFrameworksBuildPhase section */
		33BAD25829112A8600DF76BC /* Frameworks */ = {
			isa = PBXFrameworksBuildPhase;
			buildActionMask = 2147483647;
			files = (
			);
			runOnlyForDeploymentPostprocessing = 0;
		};
/* End PBXFrameworksBuildPhase section */

/* Begin PBXGroup section */
		33BAD25229112A8600DF76BC = {
			isa = PBXGroup;
			children = (
				33BAD25D29112A8600DF76BC /* PageAndScrollAndSegmentedControlDemo */,
				33BAD25C29112A8600DF76BC /* Products */,
			);
			sourceTree = "<group>";
		};
		33BAD25C29112A8600DF76BC /* Products */ = {
			isa = PBXGroup;
			children = (
				33BAD25B29112A8600DF76BC /* PageAndScrollAndSegmentedControlDemo.app */,
			);
			name = Products;
			sourceTree = "<group>";
		};
		33BAD25D29112A8600DF76BC /* PageAndScrollAndSegmentedControlDemo */ = {
			isa = PBXGroup;
			children = (
				33BAD25E29112A8600DF76BC /* AppDelegate.swift */,
				33BAD26029112A8600DF76BC /* SceneDelegate.swift */,
				33BAD27329112AB700DF76BC /* ViewController.swift */,
				33BAD27229112AB600DF76BC /* Main.storyboard */,
				33BAD26729112A8800DF76BC /* Assets.xcassets */,
				33BAD26929112A8800DF76BC /* LaunchScreen.storyboard */,
				33BAD26C29112A8800DF76BC /* Info.plist */,
			);
			path = PageAndScrollAndSegmentedControlDemo;
			sourceTree = "<group>";
		};
/* End PBXGroup section */

/* Begin PBXNativeTarget section */
		33BAD25A29112A8600DF76BC /* PageAndScrollAndSegmentedControlDemo */ = {
			isa = PBXNativeTarget;
			buildConfigurationList = 33BAD26F29112A8800DF76BC /* Build configuration list for PBXNativeTarget "PageAndScrollAndSegmentedControlDemo" */;
			buildPhases = (
				33BAD25729112A8600DF76BC /* Sources */,
				33BAD25829112A8600DF76BC /* Frameworks */,
				33BAD25929112A8600DF76BC /* Resources */,
			);
			buildRules = (
			);
			dependencies = (
			);
			name = PageAndScrollAndSegmentedControlDemo;
			productName = PageAndScrollAndSegmentedControlDemo;
			productReference = 33BAD25B29112A8600DF76BC /* PageAndScrollAndSegmentedControlDemo.app */;
			productType = "com.apple.product-type.application";
		};
/* End PBXNativeTarget section */

/* Begin PBXProject section */
		33BAD25329112A8600DF76BC /* Project object */ = {
			isa = PBXProject;
			attributes = {
				BuildIndependentTargetsInParallel = 1;
				LastSwiftUpdateCheck = 1400;
				LastUpgradeCheck = 1400;
				TargetAttributes = {
					33BAD25A29112A8600DF76BC = {
						CreatedOnToolsVersion = 14.0.1;
					};
				};
			};
			buildConfigurationList = 33BAD25629112A8600DF76BC /* Build configuration list for PBXProject "PageAndScrollAndSegmentedControlDemo" */;
			compatibilityVersion = "Xcode 14.0";
			developmentRegion = en;
			hasScannedForEncodings = 0;
			knownRegions = (
				en,
				Base,
			);
			mainGroup = 33BAD25229112A8600DF76BC;
			productRefGroup = 33BAD25C29112A8600DF76BC /* Products */;
			projectDirPath = "";
			projectRoot = "";
			targets = (
				33BAD25A29112A8600DF76BC /* PageAndScrollAndSegmentedControlDemo */,
			);
		};
/* End PBXProject section */

/* Begin PBXResourcesBuildPhase section */
		33BAD25929112A8600DF76BC /* Resources */ = {
			isa = PBXResourcesBuildPhase;
			buildActionMask = 2147483647;
			files = (
				33BAD27429112AB700DF76BC /* Main.storyboard in Resources */,
				33BAD26B29112A8800DF76BC /* LaunchScreen.storyboard in Resources */,
				33BAD26829112A8800DF76BC /* Assets.xcassets in Resources */,
			);
			runOnlyForDeploymentPostprocessing = 0;
		};
/* End PBXResourcesBuildPhase section */

/* Begin PBXSourcesBuildPhase section */
		33BAD25729112A8600DF76BC /* Sources */ = {
			isa = PBXSourcesBuildPhase;
			buildActionMask = 2147483647;
			files = (
				33BAD27529112AB700DF76BC /* ViewController.swift in Sources */,
				33BAD25F29112A8600DF76BC /* AppDelegate.swift in Sources */,
				33BAD26129112A8600DF76BC /* SceneDelegate.swift in Sources */,
			);
			runOnlyForDeploymentPostprocessing = 0;
		};
/* End PBXSourcesBuildPhase section */

/* Begin PBXVariantGroup section */
		33BAD26929112A8800DF76BC /* LaunchScreen.storyboard */ = {
			isa = PBXVariantGroup;
			children = (
				33BAD26A29112A8800DF76BC /* Base */,
			);
			name = LaunchScreen.storyboard;
			sourceTree = "<group>";
		};
/* End PBXVariantGroup section */

/* Begin XCBuildConfiguration section */
		33BAD26D29112A8800DF76BC /* Debug */ = {
			isa = XCBuildConfiguration;
			buildSettings = {
				ALWAYS_SEARCH_USER_PATHS = NO;
				CLANG_ANALYZER_NONNULL = YES;
				CLANG_ANALYZER_NUMBER_OBJECT_CONVERSION = YES_AGGRESSIVE;
				CLANG_CXX_LANGUAGE_STANDARD = "gnu++20";
				CLANG_ENABLE_MODULES = YES;
				CLANG_ENABLE_OBJC_ARC = YES;
				CLANG_ENABLE_OBJC_WEAK = YES;
				CLANG_WARN_BLOCK_CAPTURE_AUTORELEASING = YES;
				CLANG_WARN_BOOL_CONVERSION = YES;
				CLANG_WARN_COMMA = YES;
				CLANG_WARN_CONSTANT_CONVERSION = YES;
				CLANG_WARN_DEPRECATED_OBJC_IMPLEMENTATIONS = YES;
				CLANG_WARN_DIRECT_OBJC_ISA_USAGE = YES_ERROR;
				CLANG_WARN_DOCUMENTATION_COMMENTS = YES;
				CLANG_WARN_EMPTY_BODY = YES;
				CLANG_WARN_ENUM_CONVERSION = YES;
				CLANG_WARN_INFINITE_RECURSION = YES;
				CLANG_WARN_INT_CONVERSION = YES;
				CLANG_WARN_NON_LITERAL_NULL_CONVERSION = YES;
				CLANG_WARN_OBJC_IMPLICIT_RETAIN_SELF = YES;
				CLANG_WARN_OBJC_LITERAL_CONVERSION = YES;
				CLANG_WARN_OBJC_ROOT_CLASS = YES_ERROR;
				CLANG_WARN_QUOTED_INCLUDE_IN_FRAMEWORK_HEADER = YES;
				CLANG_WARN_RANGE_LOOP_ANALYSIS = YES;
				CLANG_WARN_STRICT_PROTOTYPES = YES;
				CLANG_WARN_SUSPICIOUS_MOVE = YES;
				CLANG_WARN_UNGUARDED_AVAILABILITY = YES_AGGRESSIVE;
				CLANG_WARN_UNREACHABLE_CODE = YES;
				CLANG_WARN__DUPLICATE_METHOD_MATCH = YES;
				COPY_PHASE_STRIP = NO;
				DEBUG_INFORMATION_FORMAT = dwarf;
				ENABLE_STRICT_OBJC_MSGSEND = YES;
				ENABLE_TESTABILITY = YES;
				GCC_C_LANGUAGE_STANDARD = gnu11;
				GCC_DYNAMIC_NO_PIC = NO;
				GCC_NO_COMMON_BLOCKS = YES;
				GCC_OPTIMIZATION_LEVEL = 0;
				GCC_PREPROCESSOR_DEFINITIONS = (
					"DEBUG=1",
					"$(inherited)",
				);
				GCC_WARN_64_TO_32_BIT_CONVERSION = YES;
				GCC_WARN_ABOUT_RETURN_TYPE = YES_ERROR;
				GCC_WARN_UNDECLARED_SELECTOR = YES;
				GCC_WARN_UNINITIALIZED_AUTOS = YES_AGGRESSIVE;
				GCC_WARN_UNUSED_FUNCTION = YES;
				GCC_WARN_UNUSED_VARIABLE = YES;
				IPHONEOS_DEPLOYMENT_TARGET = 16.0;
				MTL_ENABLE_DEBUG_INFO = INCLUDE_SOURCE;
				MTL_FAST_MATH = YES;
				ONLY_ACTIVE_ARCH = YES;
				SDKROOT = iphoneos;
				SWIFT_ACTIVE_COMPILATION_CONDITIONS = DEBUG;
				SWIFT_OPTIMIZATION_LEVEL = "-Onone";
			};
			name = Debug;
		};
		33BAD26E29112A8800DF76BC /* Release */ = {
			isa = XCBuildConfiguration;
			buildSettings = {
				ALWAYS_SEARCH_USER_PATHS = NO;
				CLANG_ANALYZER_NONNULL = YES;
				CLANG_ANALYZER_NUMBER_OBJECT_CONVERSION = YES_AGGRESSIVE;
				CLANG_CXX_LANGUAGE_STANDARD = "gnu++20";
				CLANG_ENABLE_MODULES = YES;
				CLANG_ENABLE_OBJC_ARC = YES;
				CLANG_ENABLE_OBJC_WEAK = YES;
				CLANG_WARN_BLOCK_CAPTURE_AUTORELEASING = YES;
				CLANG_WARN_BOOL_CONVERSION = YES;
				CLANG_WARN_COMMA = YES;
				CLANG_WARN_CONSTANT_CONVERSION = YES;
				CLANG_WARN_DEPRECATED_OBJC_IMPLEMENTATIONS = YES;
				CLANG_WARN_DIRECT_OBJC_ISA_USAGE = YES_ERROR;
				CLANG_WARN_DOCUMENTATION_COMMENTS = YES;
				CLANG_WARN_EMPTY_BODY = YES;
				CLANG_WARN_ENUM_CONVERSION = YES;
				CLANG_WARN_INFINITE_RECURSION = YES;
				CLANG_WARN_INT_CONVERSION = YES;
				CLANG_WARN_NON_LITERAL_NULL_CONVERSION = YES;
				CLANG_WARN_OBJC_IMPLICIT_RETAIN_SELF = YES;
				CLANG_WARN_OBJC_LITERAL_CONVERSION = YES;
				CLANG_WARN_OBJC_ROOT_CLASS = YES_ERROR;
				CLANG_WARN_QUOTED_INCLUDE_IN_FRAMEWORK_HEADER = YES;
				CLANG_WARN_RANGE_LOOP_ANALYSIS = YES;
				CLANG_WARN_STRICT_PROTOTYPES = YES;
				CLANG_WARN_SUSPICIOUS_MOVE = YES;
				CLANG_WARN_UNGUARDED_AVAILABILITY = YES_AGGRESSIVE;
				CLANG_WARN_UNREACHABLE_CODE = YES;
				CLANG_WARN__DUPLICATE_METHOD_MATCH = YES;
				COPY_PHASE_STRIP = NO;
				DEBUG_INFORMATION_FORMAT = "dwarf-with-dsym";
				ENABLE_NS_ASSERTIONS = NO;
				ENABLE_STRICT_OBJC_MSGSEND = YES;
				GCC_C_LANGUAGE_STANDARD = gnu11;
				GCC_NO_COMMON_BLOCKS = YES;
				GCC_WARN_64_TO_32_BIT_CONVERSION = YES;
				GCC_WARN_ABOUT_RETURN_TYPE = YES_ERROR;
				GCC_WARN_UNDECLARED_SELECTOR = YES;
				GCC_WARN_UNINITIALIZED_AUTOS = YES_AGGRESSIVE;
				GCC_WARN_UNUSED_FUNCTION = YES;
				GCC_WARN_UNUSED_VARIABLE = YES;
				IPHONEOS_DEPLOYMENT_TARGET = 16.0;
				MTL_ENABLE_DEBUG_INFO = NO;
				MTL_FAST_MATH = YES;
				SDKROOT = iphoneos;
				SWIFT_COMPILATION_MODE = wholemodule;
				SWIFT_OPTIMIZATION_LEVEL = "-O";
				VALIDATE_PRODUCT = YES;
			};
			name = Release;
		};
		33BAD27029112A8800DF76BC /* Debug */ = {
			isa = XCBuildConfiguration;
			buildSettings = {
				ASSETCATALOG_COMPILER_APPICON_NAME = AppIcon;
				ASSETCATALOG_COMPILER_GLOBAL_ACCENT_COLOR_NAME = AccentColor;
				CODE_SIGN_STYLE = Automatic;
				CURRENT_PROJECT_VERSION = 1;
				DEVELOPMENT_TEAM = 6GGYD5TBCQ;
				GENERATE_INFOPLIST_FILE = YES;
				INFOPLIST_FILE = PageAndScrollAndSegmentedControlDemo/Info.plist;
				INFOPLIST_KEY_UIApplicationSupportsIndirectInputEvents = YES;
				INFOPLIST_KEY_UILaunchStoryboardName = LaunchScreen;
				INFOPLIST_KEY_UIMainStoryboardFile = Main;
				INFOPLIST_KEY_UISupportedInterfaceOrientations_iPad = "UIInterfaceOrientationPortrait UIInterfaceOrientationPortraitUpsideDown UIInterfaceOrientationLandscapeLeft UIInterfaceOrientationLandscapeRight";
				INFOPLIST_KEY_UISupportedInterfaceOrientations_iPhone = "UIInterfaceOrientationPortrait UIInterfaceOrientationLandscapeLeft UIInterfaceOrientationLandscapeRight";
				IPHONEOS_DEPLOYMENT_TARGET = 15.0;
				LD_RUNPATH_SEARCH_PATHS = (
					"$(inherited)",
					"@executable_path/Frameworks",
				);
				MARKETING_VERSION = 1.0;
				PRODUCT_BUNDLE_IDENTIFIER = com.Tai.PageAndScrollAndSegmentedControlDemo;
				PRODUCT_NAME = "$(TARGET_NAME)";
				SWIFT_EMIT_LOC_STRINGS = YES;
				SWIFT_VERSION = 5.0;
				TARGETED_DEVICE_FAMILY = "1,2";
			};
			name = Debug;
		};
		33BAD27129112A8800DF76BC /* Release */ = {
			isa = XCBuildConfiguration;
			buildSettings = {
				ASSETCATALOG_COMPILER_APPICON_NAME = AppIcon;
				ASSETCATALOG_COMPILER_GLOBAL_ACCENT_COLOR_NAME = AccentColor;
				CODE_SIGN_STYLE = Automatic;
				CURRENT_PROJECT_VERSION = 1;
				DEVELOPMENT_TEAM = 6GGYD5TBCQ;
				GENERATE_INFOPLIST_FILE = YES;
				INFOPLIST_FILE = PageAndScrollAndSegmentedControlDemo/Info.plist;
				INFOPLIST_KEY_UIApplicationSupportsIndirectInputEvents = YES;
				INFOPLIST_KEY_UILaunchStoryboardName = LaunchScreen;
				INFOPLIST_KEY_UIMainStoryboardFile = Main;
				INFOPLIST_KEY_UISupportedInterfaceOrientations_iPad = "UIInterfaceOrientationPortrait UIInterfaceOrientationPortraitUpsideDown UIInterfaceOrientationLandscapeLeft UIInterfaceOrientationLandscapeRight";
				INFOPLIST_KEY_UISupportedInterfaceOrientations_iPhone = "UIInterfaceOrientationPortrait UIInterfaceOrientationLandscapeLeft UIInterfaceOrientationLandscapeRight";
				IPHONEOS_DEPLOYMENT_TARGET = 15.0;
				LD_RUNPATH_SEARCH_PATHS = (
					"$(inherited)",
					"@executable_path/Frameworks",
				);
				MARKETING_VERSION = 1.0;
				PRODUCT_BUNDLE_IDENTIFIER = com.Tai.PageAndScrollAndSegmentedControlDemo;
				PRODUCT_NAME = "$(TARGET_NAME)";
				SWIFT_EMIT_LOC_STRINGS = YES;
				SWIFT_VERSION = 5.0;
				TARGETED_DEVICE_FAMILY = "1,2";
			};
			name = Release;
		};
/* End XCBuildConfiguration section */

/* Begin XCConfigurationList section */
		33BAD25629112A8600DF76BC /* Build configuration list for PBXProject "PageAndScrollAndSegmentedControlDemo" */ = {
			isa = XCConfigurationList;
			buildConfigurations = (
				33BAD26D29112A8800DF76BC /* Debug */,
				33BAD26E29112A8800DF76BC /* Release */,
			);
			defaultConfigurationIsVisible = 0;
			defaultConfigurationName = Release;
		};
		33BAD26F29112A8800DF76BC /* Build configuration list for PBXNativeTarget "PageAndScrollAndSegmentedControlDemo" */ = {
			isa = XCConfigurationList;
			buildConfigurations = (
				33BAD27029112A8800DF76BC /* Debug */,
				33BAD27129112A8800DF76BC /* Release */,
			);
			defaultConfigurationIsVisible = 0;
			defaultConfigurationName = Release;
		};
/* End XCConfigurationList section */
	};
	rootObject = 33BAD25329112A8600DF76BC /* Project object */;
}
